
Microsoft Visual Studio Solution File, Format Version 12.00
# Visual Studio 15
VisualStudioVersion = 15.0.28307.1062
MinimumVisualStudioVersion = 10.0.40219.1
Project("{8BC9CEB8-8B4A-11D0-8D11-00A0C91BC942}") = "drawTheCirclesOfTheWheel", "drawTheCirclesOfTheWheel\drawTheCirclesOfTheWheel.vcxproj", "{8E0C39B0-FFF2-48E0-B245-964E16E7B981}"
EndProject
Global
	GlobalSection(SolutionConfigurationPlatforms) = preSolution
		Debug|x64 = Debug|x64
		Debug|x86 = Debug|x86
		Release|x64 = Release|x64
		Release|x86 = Release|x86
	EndGlobalSection
	GlobalSection(ProjectConfigurationPlatforms) = postSolution
		{8E0C39B0-FFF2-48E0-B245-964E16E7B981}.Debug|x64.ActiveCfg = Debug|x64
		{8E0C39B0-FFF2-48E0-B245-964E16E7B981}.Debug|x64.Build.0 = Debug|x64
		{8E0C39B0-FFF2-48E0-B245-964E16E7B981}.Debug|x86.ActiveCfg = Debug|Win32
		{8E0C39B0-FFF2-48E0-B245-964E16E7B981}.Debug|x86.Build.0 = Debug|Win32
		{8E0C39B0-FFF2-48E0-B245-964E16E7B981}.Release|x64.ActiveCfg = Release|x64
		{8E0C39B0-FFF2-48E0-B245-964E16E7B981}.Release|x64.Build.0 = Release|x64
		{8E0C39B0-FFF2-48E0-B245-964E16E7B981}.Release|x86.ActiveCfg = Release|Win32
		{8E0C39B0-FFF2-48E0-B245-964E16E7B981}.Release|x86.Build.0 = Release|Win32
	EndGlobalSection
	GlobalSection(SolutionProperties) = preSolution
		HideSolutionNode = FALSE
	EndGlobalSection
	GlobalSection(ExtensibilityGlobals) = postSolution
		SolutionGuid = {3B8F1703-411A-427F-BFF9-1E4AE3AA75F9}
	EndGlobalSection
EndGlobal
